<?xml version="1.0" encoding="utf-8"?>
<Project ToolsVersion="4.0" xmlns="http://schemas.microsoft.com/developer/msbuild/2003">
  <ItemGroup>
    <Filter Include="io">
      <UniqueIdentifier>{9857656b-02b7-41df-a31f-aa0cc5e7009f}</UniqueIdentifier>
    </Filter>
    <Filter Include="misc">
      <UniqueIdentifier>{bf3cda00-8486-4131-9563-9fed0d7d2902}</UniqueIdentifier>
    </Filter>
    <Filter Include="math">
      <UniqueIdentifier>{2b67c294-de72-4740-83b4-e17b11beaec6}</UniqueIdentifier>
    </Filter>
    <Filter Include="primitive">
      <UniqueIdentifier>{3f9cf986-05e7-4d55-abfb-b3b4570154ac}</UniqueIdentifier>
    </Filter>
    <Filter Include="accelarator">
      <UniqueIdentifier>{3fc0f47f-88fc-4d26-9ca5-75ad54330381}</UniqueIdentifier>
    </Filter>
    <Filter Include="scene">
      <UniqueIdentifier>{3079981b-d7f3-4ed8-978d-43d9530f8264}</UniqueIdentifier>
    </Filter>
  </ItemGroup>
  <ItemGroup>
    <ClCompile Include="bvh.cpp">
      <Filter>accelarator</Filter>
    </ClCompile>
    <ClCompile Include="main.cpp" />
    <ClCompile Include="raytracer.cpp" />
    <ClCompile Include="texture.cpp" />
    <ClCompile Include="utility.cpp" />
    <ClCompile Include="parse.cpp">
      <Filter>io</Filter>
    </ClCompile>
    <ClCompile Include="shape.cpp">
      <Filter>primitive</Filter>
    </ClCompile>
    <ClCompile Include="mesh.cpp">
      <Filter>primitive</Filter>
    </ClCompile>
    <ClCompile Include="quat.c">
      <Filter>primitive</Filter>
    </ClCompile>
    <ClCompile Include="scene.cpp">
      <Filter>scene</Filter>
    </ClCompile>
    <ClCompile Include="animation.c">
      <Filter>misc</Filter>
    </ClCompile>
    <ClCompile Include="kbsplpos.c">
      <Filter>io</Filter>
    </ClCompile>
    <ClCompile Include="kbsplrot.c">
      <Filter>io</Filter>
    </ClCompile>
  </ItemGroup>
  <ItemGroup>
    <ClInclude Include="bvh.h">
      <Filter>accelarator</Filter>
    </ClInclude>
    <ClInclude Include="core.h" />
    <ClInclude Include="material.h" />
    <ClInclude Include="raytracer.h" />
    <ClInclude Include="texture.h" />
    <ClInclude Include="utility.h" />
    <ClInclude Include="parse.h">
      <Filter>io</Filter>
    </ClInclude>
    <ClInclude Include="matrix4x4.h">
      <Filter>math</Filter>
    </ClInclude>
    <ClInclude Include="vec3f.h">
      <Filter>math</Filter>
    </ClInclude>
    <ClInclude Include="transform.h">
      <Filter>math</Filter>
    </ClInclude>
    <ClInclude Include="shape.h">
      <Filter>primitive</Filter>
    </ClInclude>
    <ClInclude Include="mesh.h">
      <Filter>primitive</Filter>
    </ClInclude>
    <ClInclude Include="quat.h">
      <Filter>primitive</Filter>
    </ClInclude>
    <ClInclude Include="film.h">
      <Filter>scene</Filter>
    </ClInclude>
    <ClInclude Include="light.h">
      <Filter>scene</Filter>
    </ClInclude>
    <ClInclude Include="camera.h">
      <Filter>scene</Filter>
    </ClInclude>
    <ClInclude Include="ray.h">
      <Filter>scene</Filter>
    </ClInclude>
    <ClInclude Include="scene.h">
      <Filter>scene</Filter>
    </ClInclude>
    <ClInclude Include="animation.h">
      <Filter>misc</Filter>
    </ClInclude>
    <ClInclude Include="kbsplpos.h">
      <Filter>io</Filter>
    </ClInclude>
    <ClInclude Include="kbsplrot.h">
      <Filter>io</Filter>
    </ClInclude>
  </ItemGroup>
</Project>